// !$*UTF8*$!
{
	archiveVersion = 1;
	classes = {
	};
	objectVersion = 46;
	objects = {

/* Begin PBXBuildFile section */
		A810E6191BE98BD700D378C7 /* AppDelegate.swift in Sources */ = {isa = PBXBuildFile; fileRef = A810E6181BE98BD700D378C7 /* AppDelegate.swift */; };
		A810E61B1BE98BD700D378C7 /* MasterViewController.swift in Sources */ = {isa = PBXBuildFile; fileRef = A810E61A1BE98BD700D378C7 /* MasterViewController.swift */; };
		A810E61D1BE98BD700D378C7 /* DetailViewController.swift in Sources */ = {isa = PBXBuildFile; fileRef = A810E61C1BE98BD700D378C7 /* DetailViewController.swift */; };
		A810E6201BE98BD700D378C7 /* Main.storyboard in Resources */ = {isa = PBXBuildFile; fileRef = A810E61E1BE98BD700D378C7 /* Main.storyboard */; };
		A810E6221BE98BD700D378C7 /* Assets.xcassets in Resources */ = {isa = PBXBuildFile; fileRef = A810E6211BE98BD700D378C7 /* Assets.xcassets */; };
		A810E6251BE98BD700D378C7 /* LaunchScreen.storyboard in Resources */ = {isa = PBXBuildFile; fileRef = A810E6231BE98BD700D378C7 /* LaunchScreen.storyboard */; };
		A8750FCC1BED799D00BC70A0 /* start.txt in Resources */ = {isa = PBXBuildFile; fileRef = A8750FCB1BED799D00BC70A0 /* start.txt */; };
/* End PBXBuildFile section */

/* Begin PBXFileReference section */
		A810E6151BE98BD600D378C7 /* Project 5.app */ = {isa = PBXFileReference; explicitFileType = wrapper.application; includeInIndex = 0; path = "Project 5.app"; sourceTree = BUILT_PRODUCTS_DIR; };
		A810E6181BE98BD700D378C7 /* AppDelegate.swift */ = {isa = PBXFileReference; lastKnownFileType = sourcecode.swift; path = AppDelegate.swift; sourceTree = "<group>"; };
		A810E61A1BE98BD700D378C7 /* MasterViewController.swift */ = {isa = PBXFileReference; lastKnownFileType = sourcecode.swift; path = MasterViewController.swift; sourceTree = "<group>"; };
		A810E61C1BE98BD700D378C7 /* DetailViewController.swift */ = {isa = PBXFileReference; lastKnownFileType = sourcecode.swift; path = DetailViewController.swift; sourceTree = "<group>"; };
		A810E61F1BE98BD700D378C7 /* Base */ = {isa = PBXFileReference; lastKnownFileType = file.storyboard; name = Base; path = Base.lproj/Main.storyboard; sourceTree = "<group>"; };
		A810E6211BE98BD700D378C7 /* Assets.xcassets */ = {isa = PBXFileReference; lastKnownFileType = folder.assetcatalog; path = Assets.xcassets; sourceTree = "<group>"; };
		A810E6241BE98BD700D378C7 /* Base */ = {isa = PBXFileReference; lastKnownFileType = file.storyboard; name = Base; path = Base.lproj/LaunchScreen.storyboard; sourceTree = "<group>"; };
		A810E6261BE98BD700D378C7 /* Info.plist */ = {isa = PBXFileReference; lastKnownFileType = text.plist.xml; path = Info.plist; sourceTree = "<group>"; };
		A8750FCB1BED799D00BC70A0 /* start.txt */ = {isa = PBXFileReference; fileEncoding = 4; lastKnownFileType = text; name = start.txt; path = Content/start.txt; sourceTree = "<group>"; };
/* End PBXFileReference section */

/* Begin PBXFrameworksBuildPhase section */
		A810E6121BE98BD600D378C7 /* Frameworks */ = {
			isa = PBXFrameworksBuildPhase;
			buildActionMask = 2147483647;
			files = (
			);
			runOnlyForDeploymentPostprocessing = 0;
		};
/* End PBXFrameworksBuildPhase section */

/* Begin PBXGroup section */
		A810E60C1BE98BD600D378C7 = {
			isa = PBXGroup;
			children = (
				A810E6171BE98BD700D378C7 /* Project 5 */,
				A810E6161BE98BD600D378C7 /* Products */,
			);
			sourceTree = "<group>";
		};
		A810E6161BE98BD600D378C7 /* Products */ = {
			isa = PBXGroup;
			children = (
				A810E6151BE98BD600D378C7 /* Project 5.app */,
			);
			name = Products;
			sourceTree = "<group>";
		};
		A810E6171BE98BD700D378C7 /* Project 5 */ = {
			isa = PBXGroup;
			children = (
				A810E6181BE98BD700D378C7 /* AppDelegate.swift */,
				A810E61A1BE98BD700D378C7 /* MasterViewController.swift */,
				A810E61C1BE98BD700D378C7 /* DetailViewController.swift */,
				A8750FCB1BED799D00BC70A0 /* start.txt */,
				A810E61E1BE98BD700D378C7 /* Main.storyboard */,
				A810E6211BE98BD700D378C7 /* Assets.xcassets */,
				A810E6231BE98BD700D378C7 /* LaunchScreen.storyboard */,
				A810E6261BE98BD700D378C7 /* Info.plist */,
			);
			path = "Project 5";
			sourceTree = "<group>";
		};
/* End PBXGroup section */

/* Begin PBXNativeTarget section */
		A810E6141BE98BD600D378C7 /* Project 5 */ = {
			isa = PBXNativeTarget;
			buildConfigurationList = A810E6291BE98BD700D378C7 /* Build configuration list for PBXNativeTarget "Project 5" */;
			buildPhases = (
				A810E6111BE98BD600D378C7 /* Sources */,
				A810E6121BE98BD600D378C7 /* Frameworks */,
				A810E6131BE98BD600D378C7 /* Resources */,
			);
			buildRules = (
			);
			dependencies = (
			);
			name = "Project 5";
			productName = "Project 5";
			productReference = A810E6151BE98BD600D378C7 /* Project 5.app */;
			productType = "com.apple.product-type.application";
		};
/* End PBXNativeTarget section */

/* Begin PBXProject section */
		A810E60D1BE98BD600D378C7 /* Project object */ = {
			isa = PBXProject;
			attributes = {
				LastSwiftUpdateCheck = 0710;
				LastUpgradeCheck = 0710;
				ORGANIZATIONNAME = "Luis Fernando Mata";
				TargetAttributes = {
					A810E6141BE98BD600D378C7 = {
						CreatedOnToolsVersion = 7.1;
					};
				};
			};
			buildConfigurationList = A810E6101BE98BD600D378C7 /* Build configuration list for PBXProject "Project 5" */;
			compatibilityVersion = "Xcode 3.2";
			developmentRegion = English;
			hasScannedForEncodings = 0;
			knownRegions = (
				en,
				Base,
			);
			mainGroup = A810E60C1BE98BD600D378C7;
			productRefGroup = A810E6161BE98BD600D378C7 /* Products */;
			projectDirPath = "";
			projectRoot = "";
			targets = (
				A810E6141BE98BD600D378C7 /* Project 5 */,
			);
		};
/* End PBXProject section */

/* Begin PBXResourcesBuildPhase section */
		A810E6131BE98BD600D378C7 /* Resources */ = {
			isa = PBXResourcesBuildPhase;
			buildActionMask = 2147483647;
			files = (
				A810E6251BE98BD700D378C7 /* LaunchScreen.storyboard in Resources */,
				A8750FCC1BED799D00BC70A0 /* start.txt in Resources */,
				A810E6221BE98BD700D378C7 /* Assets.xcassets in Resources */,
				A810E6201BE98BD700D378C7 /* Main.storyboard in Resources */,
			);
			runOnlyForDeploymentPostprocessing = 0;
		};
/* End PBXResourcesBuildPhase section */

/* Begin PBXSourcesBuildPhase section */
		A810E6111BE98BD600D378C7 /* Sources */ = {
			isa = PBXSourcesBuildPhase;
			buildActionMask = 2147483647;
			files = (
				A810E61D1BE98BD700D378C7 /* DetailViewController.swift in Sources */,
				A810E61B1BE98BD700D378C7 /* MasterViewController.swift in Sources */,
				A810E6191BE98BD700D378C7 /* AppDelegate.swift in Sources */,
			);
			runOnlyForDeploymentPostprocessing = 0;
		};
/* End PBXSourcesBuildPhase section */

/* Begin PBXVariantGroup section */
		A810E61E1BE98BD700D378C7 /* Main.storyboard */ = {
			isa = PBXVariantGroup;
			children = (
				A810E61F1BE98BD700D378C7 /* Base */,
			);
			name = Main.storyboard;
			sourceTree = "<group>";
		};
		A810E6231BE98BD700D378C7 /* LaunchScreen.storyboard */ = {
			isa = PBXVariantGroup;
			children = (
				A810E6241BE98BD700D378C7 /* Base */,
			);
			name = LaunchScreen.storyboard;
			sourceTree = "<group>";
		};
/* End PBXVariantGroup section */

/* Begin XCBuildConfiguration section */
		A810E6271BE98BD700D378C7 /* Debug */ = {
			isa = XCBuildConfiguration;
			buildSettings = {
				ALWAYS_SEARCH_USER_PATHS = NO;
				CLANG_CXX_LANGUAGE_STANDARD = "gnu++0x";
				CLANG_CXX_LIBRARY = "libc++";
				CLANG_ENABLE_MODULES = YES;
				CLANG_ENABLE_OBJC_ARC = YES;
				CLANG_WARN_BOOL_CONVERSION = YES;
				CLANG_WARN_CONSTANT_CONVERSION = YES;
				CLANG_WARN_DIRECT_OBJC_ISA_USAGE = YES_ERROR;
				CLANG_WARN_EMPTY_BODY = YES;
				CLANG_WARN_ENUM_CONVERSION = YES;
				CLANG_WARN_INT_CONVERSION = YES;
				CLANG_WARN_OBJC_ROOT_CLASS = YES_ERROR;
				CLANG_WARN_UNREACHABLE_CODE = YES;
				CLANG_WARN__DUPLICATE_METHOD_MATCH = YES;
				"CODE_SIGN_IDENTITY[sdk=iphoneos*]" = "iPhone Developer";
				COPY_PHASE_STRIP = NO;
				DEBUG_INFORMATION_FORMAT = dwarf;
				ENABLE_STRICT_OBJC_MSGSEND = YES;
				ENABLE_TESTABILITY = YES;
				GCC_C_LANGUAGE_STANDARD = gnu99;
				GCC_DYNAMIC_NO_PIC = NO;
				GCC_NO_COMMON_BLOCKS = YES;
				GCC_OPTIMIZATION_LEVEL = 0;
				GCC_PREPROCESSOR_DEFINITIONS = (
					"DEBUG=1",
					"$(inherited)",
				);
				GCC_WARN_64_TO_32_BIT_CONVERSION = YES;
				GCC_WARN_ABOUT_RETURN_TYPE = YES_ERROR;
				GCC_WARN_UNDECLARED_SELECTOR = YES;
				GCC_WARN_UNINITIALIZED_AUTOS = YES_AGGRESSIVE;
				GCC_WARN_UNUSED_FUNCTION = YES;
				GCC_WARN_UNUSED_VARIABLE = YES;
				IPHONEOS_DEPLOYMENT_TARGET = 9.1;
				MTL_ENABLE_DEBUG_INFO = YES;
				ONLY_ACTIVE_ARCH = YES;
				SDKROOT = iphoneos;
				SWIFT_OPTIMIZATION_LEVEL = "-Onone";
			};
			name = Debug;
		};
		A810E6281BE98BD700D378C7 /* Release */ = {
			isa = XCBuildConfiguration;
			buildSettings = {
				ALWAYS_SEARCH_USER_PATHS = NO;
				CLANG_CXX_LANGUAGE_STANDARD = "gnu++0x";
				CLANG_CXX_LIBRARY = "libc++";
				CLANG_ENABLE_MODULES = YES;
				CLANG_ENABLE_OBJC_ARC = YES;
				CLANG_WARN_BOOL_CONVERSION = YES;
				CLANG_WARN_CONSTANT_CONVERSION = YES;
				CLANG_WARN_DIRECT_OBJC_ISA_USAGE = YES_ERROR;
				CLANG_WARN_EMPTY_BODY = YES;
				CLANG_WARN_ENUM_CONVERSION = YES;
				CLANG_WARN_INT_CONVERSION = YES;
				CLANG_WARN_OBJC_ROOT_CLASS = YES_ERROR;
				CLANG_WARN_UNREACHABLE_CODE = YES;
				CLANG_WARN__DUPLICATE_METHOD_MATCH = YES;
				"CODE_SIGN_IDENTITY[sdk=iphoneos*]" = "iPhone Developer";
				COPY_PHASE_STRIP = NO;
				DEBUG_INFORMATION_FORMAT = "dwarf-with-dsym";
				ENABLE_NS_ASSERTIONS = NO;
				ENABLE_STRICT_OBJC_MSGSEND = YES;
				GCC_C_LANGUAGE_STANDARD = gnu99;
				GCC_NO_COMMON_BLOCKS = YES;
				GCC_WARN_64_TO_32_BIT_CONVERSION = YES;
				GCC_WARN_ABOUT_RETURN_TYPE = YES_ERROR;
				GCC_WARN_UNDECLARED_SELECTOR = YES;
				GCC_WARN_UNINITIALIZED_AUTOS = YES_AGGRESSIVE;
				GCC_WARN_UNUSED_FUNCTION = YES;
				GCC_WARN_UNUSED_VARIABLE = YES;
				IPHONEOS_DEPLOYMENT_TARGET = 9.1;
				MTL_ENABLE_DEBUG_INFO = NO;
				SDKROOT = iphoneos;
				VALIDATE_PRODUCT = YES;
			};
			name = Release;
		};
		A810E62A1BE98BD700D378C7 /* Debug */ = {
			isa = XCBuildConfiguration;
			buildSettings = {
				ASSETCATALOG_COMPILER_APPICON_NAME = AppIcon;
				INFOPLIST_FILE = "Project 5/Info.plist";
				LD_RUNPATH_SEARCH_PATHS = "$(inherited) @executable_path/Frameworks";
				PRODUCT_BUNDLE_IDENTIFIER = "mx.fernandomata.Project-5";
				PRODUCT_NAME = "$(TARGET_NAME)";
			};
			name = Debug;
		};
		A810E62B1BE98BD700D378C7 /* Release */ = {
			isa = XCBuildConfiguration;
			buildSettings = {
				ASSETCATALOG_COMPILER_APPICON_NAME = AppIcon;
				INFOPLIST_FILE = "Project 5/Info.plist";
				LD_RUNPATH_SEARCH_PATHS = "$(inherited) @executable_path/Frameworks";
				PRODUCT_BUNDLE_IDENTIFIER = "mx.fernandomata.Project-5";
				PRODUCT_NAME = "$(TARGET_NAME)";
			};
			name = Release;
		};
/* End XCBuildConfiguration section */

/* Begin XCConfigurationList section */
		A810E6101BE98BD600D378C7 /* Build configuration list for PBXProject "Project 5" */ = {
			isa = XCConfigurationList;
			buildConfigurations = (
				A810E6271BE98BD700D378C7 /* Debug */,
				A810E6281BE98BD700D378C7 /* Release */,
			);
			defaultConfigurationIsVisible = 0;
			defaultConfigurationName = Release;
		};
		A810E6291BE98BD700D378C7 /* Build configuration list for PBXNativeTarget "Project 5" */ = {
			isa = XCConfigurationList;
			buildConfigurations = (
				A810E62A1BE98BD700D378C7 /* Debug */,
				A810E62B1BE98BD700D378C7 /* Release */,
			);
			defaultConfigurationIsVisible = 0;
			defaultConfigurationName = Release;
		};
/* End XCConfigurationList section */
	};
	rootObject = A810E60D1BE98BD600D378C7 /* Project object */;
}
