// !$*UTF8*$!
{
	archiveVersion = 1;
	classes = {
	};
	objectVersion = 46;
	objects = {

/* Begin PBXBuildFile section */
		A847ACB91BE328EE00F236FE /* AppDelegate.swift in Sources */ = {isa = PBXBuildFile; fileRef = A847ACB81BE328EE00F236FE /* AppDelegate.swift */; };
		A847ACBB1BE328EE00F236FE /* ViewController.swift in Sources */ = {isa = PBXBuildFile; fileRef = A847ACBA1BE328EE00F236FE /* ViewController.swift */; };
		A847ACBE1BE328EF00F236FE /* Main.storyboard in Resources */ = {isa = PBXBuildFile; fileRef = A847ACBC1BE328EF00F236FE /* Main.storyboard */; };
		A847ACC01BE328EF00F236FE /* Assets.xcassets in Resources */ = {isa = PBXBuildFile; fileRef = A847ACBF1BE328EF00F236FE /* Assets.xcassets */; };
		A847ACC31BE328EF00F236FE /* LaunchScreen.storyboard in Resources */ = {isa = PBXBuildFile; fileRef = A847ACC11BE328EF00F236FE /* LaunchScreen.storyboard */; };
/* End PBXBuildFile section */

/* Begin PBXFileReference section */
		A847ACB51BE328EE00F236FE /* Project4.app */ = {isa = PBXFileReference; explicitFileType = wrapper.application; includeInIndex = 0; path = Project4.app; sourceTree = BUILT_PRODUCTS_DIR; };
		A847ACB81BE328EE00F236FE /* AppDelegate.swift */ = {isa = PBXFileReference; lastKnownFileType = sourcecode.swift; path = AppDelegate.swift; sourceTree = "<group>"; };
		A847ACBA1BE328EE00F236FE /* ViewController.swift */ = {isa = PBXFileReference; lastKnownFileType = sourcecode.swift; path = ViewController.swift; sourceTree = "<group>"; };
		A847ACBD1BE328EF00F236FE /* Base */ = {isa = PBXFileReference; lastKnownFileType = file.storyboard; name = Base; path = Base.lproj/Main.storyboard; sourceTree = "<group>"; };
		A847ACBF1BE328EF00F236FE /* Assets.xcassets */ = {isa = PBXFileReference; lastKnownFileType = folder.assetcatalog; path = Assets.xcassets; sourceTree = "<group>"; };
		A847ACC21BE328EF00F236FE /* Base */ = {isa = PBXFileReference; lastKnownFileType = file.storyboard; name = Base; path = Base.lproj/LaunchScreen.storyboard; sourceTree = "<group>"; };
		A847ACC41BE328EF00F236FE /* Info.plist */ = {isa = PBXFileReference; lastKnownFileType = text.plist.xml; path = Info.plist; sourceTree = "<group>"; };
/* End PBXFileReference section */

/* Begin PBXFrameworksBuildPhase section */
		A847ACB21BE328EE00F236FE /* Frameworks */ = {
			isa = PBXFrameworksBuildPhase;
			buildActionMask = 2147483647;
			files = (
			);
			runOnlyForDeploymentPostprocessing = 0;
		};
/* End PBXFrameworksBuildPhase section */

/* Begin PBXGroup section */
		A847ACAC1BE328EE00F236FE = {
			isa = PBXGroup;
			children = (
				A847ACB71BE328EE00F236FE /* Project4 */,
				A847ACB61BE328EE00F236FE /* Products */,
			);
			sourceTree = "<group>";
		};
		A847ACB61BE328EE00F236FE /* Products */ = {
			isa = PBXGroup;
			children = (
				A847ACB51BE328EE00F236FE /* Project4.app */,
			);
			name = Products;
			sourceTree = "<group>";
		};
		A847ACB71BE328EE00F236FE /* Project4 */ = {
			isa = PBXGroup;
			children = (
				A847ACB81BE328EE00F236FE /* AppDelegate.swift */,
				A847ACBA1BE328EE00F236FE /* ViewController.swift */,
				A847ACBC1BE328EF00F236FE /* Main.storyboard */,
				A847ACBF1BE328EF00F236FE /* Assets.xcassets */,
				A847ACC11BE328EF00F236FE /* LaunchScreen.storyboard */,
				A847ACC41BE328EF00F236FE /* Info.plist */,
			);
			path = Project4;
			sourceTree = "<group>";
		};
/* End PBXGroup section */

/* Begin PBXNativeTarget section */
		A847ACB41BE328EE00F236FE /* Project4 */ = {
			isa = PBXNativeTarget;
			buildConfigurationList = A847ACC71BE328EF00F236FE /* Build configuration list for PBXNativeTarget "Project4" */;
			buildPhases = (
				A847ACB11BE328EE00F236FE /* Sources */,
				A847ACB21BE328EE00F236FE /* Frameworks */,
				A847ACB31BE328EE00F236FE /* Resources */,
			);
			buildRules = (
			);
			dependencies = (
			);
			name = Project4;
			productName = Project4;
			productReference = A847ACB51BE328EE00F236FE /* Project4.app */;
			productType = "com.apple.product-type.application";
		};
/* End PBXNativeTarget section */

/* Begin PBXProject section */
		A847ACAD1BE328EE00F236FE /* Project object */ = {
			isa = PBXProject;
			attributes = {
				LastSwiftUpdateCheck = 0710;
				LastUpgradeCheck = 0710;
				ORGANIZATIONNAME = "Luis Fernando Mata";
				TargetAttributes = {
					A847ACB41BE328EE00F236FE = {
						CreatedOnToolsVersion = 7.1;
					};
				};
			};
			buildConfigurationList = A847ACB01BE328EE00F236FE /* Build configuration list for PBXProject "Project4" */;
			compatibilityVersion = "Xcode 3.2";
			developmentRegion = English;
			hasScannedForEncodings = 0;
			knownRegions = (
				en,
				Base,
			);
			mainGroup = A847ACAC1BE328EE00F236FE;
			productRefGroup = A847ACB61BE328EE00F236FE /* Products */;
			projectDirPath = "";
			projectRoot = "";
			targets = (
				A847ACB41BE328EE00F236FE /* Project4 */,
			);
		};
/* End PBXProject section */

/* Begin PBXResourcesBuildPhase section */
		A847ACB31BE328EE00F236FE /* Resources */ = {
			isa = PBXResourcesBuildPhase;
			buildActionMask = 2147483647;
			files = (
				A847ACC31BE328EF00F236FE /* LaunchScreen.storyboard in Resources */,
				A847ACC01BE328EF00F236FE /* Assets.xcassets in Resources */,
				A847ACBE1BE328EF00F236FE /* Main.storyboard in Resources */,
			);
			runOnlyForDeploymentPostprocessing = 0;
		};
/* End PBXResourcesBuildPhase section */

/* Begin PBXSourcesBuildPhase section */
		A847ACB11BE328EE00F236FE /* Sources */ = {
			isa = PBXSourcesBuildPhase;
			buildActionMask = 2147483647;
			files = (
				A847ACBB1BE328EE00F236FE /* ViewController.swift in Sources */,
				A847ACB91BE328EE00F236FE /* AppDelegate.swift in Sources */,
			);
			runOnlyForDeploymentPostprocessing = 0;
		};
/* End PBXSourcesBuildPhase section */

/* Begin PBXVariantGroup section */
		A847ACBC1BE328EF00F236FE /* Main.storyboard */ = {
			isa = PBXVariantGroup;
			children = (
				A847ACBD1BE328EF00F236FE /* Base */,
			);
			name = Main.storyboard;
			sourceTree = "<group>";
		};
		A847ACC11BE328EF00F236FE /* LaunchScreen.storyboard */ = {
			isa = PBXVariantGroup;
			children = (
				A847ACC21BE328EF00F236FE /* Base */,
			);
			name = LaunchScreen.storyboard;
			sourceTree = "<group>";
		};
/* End PBXVariantGroup section */

/* Begin XCBuildConfiguration section */
		A847ACC51BE328EF00F236FE /* Debug */ = {
			isa = XCBuildConfiguration;
			buildSettings = {
				ALWAYS_SEARCH_USER_PATHS = NO;
				CLANG_CXX_LANGUAGE_STANDARD = "gnu++0x";
				CLANG_CXX_LIBRARY = "libc++";
				CLANG_ENABLE_MODULES = YES;
				CLANG_ENABLE_OBJC_ARC = YES;
				CLANG_WARN_BOOL_CONVERSION = YES;
				CLANG_WARN_CONSTANT_CONVERSION = YES;
				CLANG_WARN_DIRECT_OBJC_ISA_USAGE = YES_ERROR;
				CLANG_WARN_EMPTY_BODY = YES;
				CLANG_WARN_ENUM_CONVERSION = YES;
				CLANG_WARN_INT_CONVERSION = YES;
				CLANG_WARN_OBJC_ROOT_CLASS = YES_ERROR;
				CLANG_WARN_UNREACHABLE_CODE = YES;
				CLANG_WARN__DUPLICATE_METHOD_MATCH = YES;
				"CODE_SIGN_IDENTITY[sdk=iphoneos*]" = "iPhone Developer";
				COPY_PHASE_STRIP = NO;
				DEBUG_INFORMATION_FORMAT = dwarf;
				ENABLE_STRICT_OBJC_MSGSEND = YES;
				ENABLE_TESTABILITY = YES;
				GCC_C_LANGUAGE_STANDARD = gnu99;
				GCC_DYNAMIC_NO_PIC = NO;
				GCC_NO_COMMON_BLOCKS = YES;
				GCC_OPTIMIZATION_LEVEL = 0;
				GCC_PREPROCESSOR_DEFINITIONS = (
					"DEBUG=1",
					"$(inherited)",
				);
				GCC_WARN_64_TO_32_BIT_CONVERSION = YES;
				GCC_WARN_ABOUT_RETURN_TYPE = YES_ERROR;
				GCC_WARN_UNDECLARED_SELECTOR = YES;
				GCC_WARN_UNINITIALIZED_AUTOS = YES_AGGRESSIVE;
				GCC_WARN_UNUSED_FUNCTION = YES;
				GCC_WARN_UNUSED_VARIABLE = YES;
				IPHONEOS_DEPLOYMENT_TARGET = 9.1;
				MTL_ENABLE_DEBUG_INFO = YES;
				ONLY_ACTIVE_ARCH = YES;
				SDKROOT = iphoneos;
				SWIFT_OPTIMIZATION_LEVEL = "-Onone";
			};
			name = Debug;
		};
		A847ACC61BE328EF00F236FE /* Release */ = {
			isa = XCBuildConfiguration;
			buildSettings = {
				ALWAYS_SEARCH_USER_PATHS = NO;
				CLANG_CXX_LANGUAGE_STANDARD = "gnu++0x";
				CLANG_CXX_LIBRARY = "libc++";
				CLANG_ENABLE_MODULES = YES;
				CLANG_ENABLE_OBJC_ARC = YES;
				CLANG_WARN_BOOL_CONVERSION = YES;
				CLANG_WARN_CONSTANT_CONVERSION = YES;
				CLANG_WARN_DIRECT_OBJC_ISA_USAGE = YES_ERROR;
				CLANG_WARN_EMPTY_BODY = YES;
				CLANG_WARN_ENUM_CONVERSION = YES;
				CLANG_WARN_INT_CONVERSION = YES;
				CLANG_WARN_OBJC_ROOT_CLASS = YES_ERROR;
				CLANG_WARN_UNREACHABLE_CODE = YES;
				CLANG_WARN__DUPLICATE_METHOD_MATCH = YES;
				"CODE_SIGN_IDENTITY[sdk=iphoneos*]" = "iPhone Developer";
				COPY_PHASE_STRIP = NO;
				DEBUG_INFORMATION_FORMAT = "dwarf-with-dsym";
				ENABLE_NS_ASSERTIONS = NO;
				ENABLE_STRICT_OBJC_MSGSEND = YES;
				GCC_C_LANGUAGE_STANDARD = gnu99;
				GCC_NO_COMMON_BLOCKS = YES;
				GCC_WARN_64_TO_32_BIT_CONVERSION = YES;
				GCC_WARN_ABOUT_RETURN_TYPE = YES_ERROR;
				GCC_WARN_UNDECLARED_SELECTOR = YES;
				GCC_WARN_UNINITIALIZED_AUTOS = YES_AGGRESSIVE;
				GCC_WARN_UNUSED_FUNCTION = YES;
				GCC_WARN_UNUSED_VARIABLE = YES;
				IPHONEOS_DEPLOYMENT_TARGET = 9.1;
				MTL_ENABLE_DEBUG_INFO = NO;
				SDKROOT = iphoneos;
				VALIDATE_PRODUCT = YES;
			};
			name = Release;
		};
		A847ACC81BE328EF00F236FE /* Debug */ = {
			isa = XCBuildConfiguration;
			buildSettings = {
				ASSETCATALOG_COMPILER_APPICON_NAME = AppIcon;
				INFOPLIST_FILE = Project4/Info.plist;
				LD_RUNPATH_SEARCH_PATHS = "$(inherited) @executable_path/Frameworks";
				PRODUCT_BUNDLE_IDENTIFIER = mx.fernandomata.Project4;
				PRODUCT_NAME = "$(TARGET_NAME)";
			};
			name = Debug;
		};
		A847ACC91BE328EF00F236FE /* Release */ = {
			isa = XCBuildConfiguration;
			buildSettings = {
				ASSETCATALOG_COMPILER_APPICON_NAME = AppIcon;
				INFOPLIST_FILE = Project4/Info.plist;
				LD_RUNPATH_SEARCH_PATHS = "$(inherited) @executable_path/Frameworks";
				PRODUCT_BUNDLE_IDENTIFIER = mx.fernandomata.Project4;
				PRODUCT_NAME = "$(TARGET_NAME)";
			};
			name = Release;
		};
/* End XCBuildConfiguration section */

/* Begin XCConfigurationList section */
		A847ACB01BE328EE00F236FE /* Build configuration list for PBXProject "Project4" */ = {
			isa = XCConfigurationList;
			buildConfigurations = (
				A847ACC51BE328EF00F236FE /* Debug */,
				A847ACC61BE328EF00F236FE /* Release */,
			);
			defaultConfigurationIsVisible = 0;
			defaultConfigurationName = Release;
		};
		A847ACC71BE328EF00F236FE /* Build configuration list for PBXNativeTarget "Project4" */ = {
			isa = XCConfigurationList;
			buildConfigurations = (
				A847ACC81BE328EF00F236FE /* Debug */,
				A847ACC91BE328EF00F236FE /* Release */,
			);
			defaultConfigurationIsVisible = 0;
		};
/* End XCConfigurationList section */
	};
	rootObject = A847ACAD1BE328EE00F236FE /* Project object */;
}
