// !$*UTF8*$!
{
	archiveVersion = 1;
	classes = {
	};
	objectVersion = 50;
	objects = {

/* Begin PBXBuildFile section */
		FA393C1F226DA9F300839CD1 /* level1.txt in Resources */ = {isa = PBXBuildFile; fileRef = FA393C1D226DA9F300839CD1 /* level1.txt */; };
		FA393C20226DA9F300839CD1 /* level2.txt in Resources */ = {isa = PBXBuildFile; fileRef = FA393C1E226DA9F300839CD1 /* level2.txt */; };
		FA521E772269A7EC00A030D1 /* AppDelegate.swift in Sources */ = {isa = PBXBuildFile; fileRef = FA521E762269A7EC00A030D1 /* AppDelegate.swift */; };
		FA521E792269A7EC00A030D1 /* ViewController.swift in Sources */ = {isa = PBXBuildFile; fileRef = FA521E782269A7EC00A030D1 /* ViewController.swift */; };
		FA521E7C2269A7EC00A030D1 /* Main.storyboard in Resources */ = {isa = PBXBuildFile; fileRef = FA521E7A2269A7EC00A030D1 /* Main.storyboard */; };
		FA521E7E2269A7EE00A030D1 /* Assets.xcassets in Resources */ = {isa = PBXBuildFile; fileRef = FA521E7D2269A7EE00A030D1 /* Assets.xcassets */; };
		FA521E812269A7EE00A030D1 /* LaunchScreen.storyboard in Resources */ = {isa = PBXBuildFile; fileRef = FA521E7F2269A7EE00A030D1 /* LaunchScreen.storyboard */; };
/* End PBXBuildFile section */

/* Begin PBXFileReference section */
		FA393C1D226DA9F300839CD1 /* level1.txt */ = {isa = PBXFileReference; fileEncoding = 4; lastKnownFileType = text; path = level1.txt; sourceTree = "<group>"; };
		FA393C1E226DA9F300839CD1 /* level2.txt */ = {isa = PBXFileReference; fileEncoding = 4; lastKnownFileType = text; path = level2.txt; sourceTree = "<group>"; };
		FA521E732269A7EC00A030D1 /* Project 8.app */ = {isa = PBXFileReference; explicitFileType = wrapper.application; includeInIndex = 0; path = "Project 8.app"; sourceTree = BUILT_PRODUCTS_DIR; };
		FA521E762269A7EC00A030D1 /* AppDelegate.swift */ = {isa = PBXFileReference; lastKnownFileType = sourcecode.swift; path = AppDelegate.swift; sourceTree = "<group>"; };
		FA521E782269A7EC00A030D1 /* ViewController.swift */ = {isa = PBXFileReference; lastKnownFileType = sourcecode.swift; path = ViewController.swift; sourceTree = "<group>"; };
		FA521E7B2269A7EC00A030D1 /* Base */ = {isa = PBXFileReference; lastKnownFileType = file.storyboard; name = Base; path = Base.lproj/Main.storyboard; sourceTree = "<group>"; };
		FA521E7D2269A7EE00A030D1 /* Assets.xcassets */ = {isa = PBXFileReference; lastKnownFileType = folder.assetcatalog; path = Assets.xcassets; sourceTree = "<group>"; };
		FA521E802269A7EE00A030D1 /* Base */ = {isa = PBXFileReference; lastKnownFileType = file.storyboard; name = Base; path = Base.lproj/LaunchScreen.storyboard; sourceTree = "<group>"; };
		FA521E822269A7EE00A030D1 /* Info.plist */ = {isa = PBXFileReference; lastKnownFileType = text.plist.xml; path = Info.plist; sourceTree = "<group>"; };
/* End PBXFileReference section */

/* Begin PBXFrameworksBuildPhase section */
		FA521E702269A7EC00A030D1 /* Frameworks */ = {
			isa = PBXFrameworksBuildPhase;
			buildActionMask = 2147483647;
			files = (
			);
			runOnlyForDeploymentPostprocessing = 0;
		};
/* End PBXFrameworksBuildPhase section */

/* Begin PBXGroup section */
		FA393C1C226DA9DC00839CD1 /* Resources */ = {
			isa = PBXGroup;
			children = (
				FA393C1D226DA9F300839CD1 /* level1.txt */,
				FA393C1E226DA9F300839CD1 /* level2.txt */,
			);
			path = Resources;
			sourceTree = "<group>";
		};
		FA521E6A2269A7EC00A030D1 = {
			isa = PBXGroup;
			children = (
				FA521E752269A7EC00A030D1 /* Project 8 */,
				FA521E742269A7EC00A030D1 /* Products */,
			);
			sourceTree = "<group>";
		};
		FA521E742269A7EC00A030D1 /* Products */ = {
			isa = PBXGroup;
			children = (
				FA521E732269A7EC00A030D1 /* Project 8.app */,
			);
			name = Products;
			sourceTree = "<group>";
		};
		FA521E752269A7EC00A030D1 /* Project 8 */ = {
			isa = PBXGroup;
			children = (
				FA393C1C226DA9DC00839CD1 /* Resources */,
				FA521E762269A7EC00A030D1 /* AppDelegate.swift */,
				FA521E782269A7EC00A030D1 /* ViewController.swift */,
				FA521E7A2269A7EC00A030D1 /* Main.storyboard */,
				FA521E7D2269A7EE00A030D1 /* Assets.xcassets */,
				FA521E7F2269A7EE00A030D1 /* LaunchScreen.storyboard */,
				FA521E822269A7EE00A030D1 /* Info.plist */,
			);
			path = "Project 8";
			sourceTree = "<group>";
		};
/* End PBXGroup section */

/* Begin PBXNativeTarget section */
		FA521E722269A7EC00A030D1 /* Project 8 */ = {
			isa = PBXNativeTarget;
			buildConfigurationList = FA521E852269A7EE00A030D1 /* Build configuration list for PBXNativeTarget "Project 8" */;
			buildPhases = (
				FA521E6F2269A7EC00A030D1 /* Sources */,
				FA521E702269A7EC00A030D1 /* Frameworks */,
				FA521E712269A7EC00A030D1 /* Resources */,
			);
			buildRules = (
			);
			dependencies = (
			);
			name = "Project 8";
			productName = "Project 8";
			productReference = FA521E732269A7EC00A030D1 /* Project 8.app */;
			productType = "com.apple.product-type.application";
		};
/* End PBXNativeTarget section */

/* Begin PBXProject section */
		FA521E6B2269A7EC00A030D1 /* Project object */ = {
			isa = PBXProject;
			attributes = {
				LastSwiftUpdateCheck = 1010;
				LastUpgradeCheck = 1010;
				ORGANIZATIONNAME = "Fernando Mata";
				TargetAttributes = {
					FA521E722269A7EC00A030D1 = {
						CreatedOnToolsVersion = 10.1;
					};
				};
			};
			buildConfigurationList = FA521E6E2269A7EC00A030D1 /* Build configuration list for PBXProject "Project 8" */;
			compatibilityVersion = "Xcode 9.3";
			developmentRegion = en;
			hasScannedForEncodings = 0;
			knownRegions = (
				en,
				Base,
			);
			mainGroup = FA521E6A2269A7EC00A030D1;
			productRefGroup = FA521E742269A7EC00A030D1 /* Products */;
			projectDirPath = "";
			projectRoot = "";
			targets = (
				FA521E722269A7EC00A030D1 /* Project 8 */,
			);
		};
/* End PBXProject section */

/* Begin PBXResourcesBuildPhase section */
		FA521E712269A7EC00A030D1 /* Resources */ = {
			isa = PBXResourcesBuildPhase;
			buildActionMask = 2147483647;
			files = (
				FA393C20226DA9F300839CD1 /* level2.txt in Resources */,
				FA521E812269A7EE00A030D1 /* LaunchScreen.storyboard in Resources */,
				FA393C1F226DA9F300839CD1 /* level1.txt in Resources */,
				FA521E7E2269A7EE00A030D1 /* Assets.xcassets in Resources */,
				FA521E7C2269A7EC00A030D1 /* Main.storyboard in Resources */,
			);
			runOnlyForDeploymentPostprocessing = 0;
		};
/* End PBXResourcesBuildPhase section */

/* Begin PBXSourcesBuildPhase section */
		FA521E6F2269A7EC00A030D1 /* Sources */ = {
			isa = PBXSourcesBuildPhase;
			buildActionMask = 2147483647;
			files = (
				FA521E792269A7EC00A030D1 /* ViewController.swift in Sources */,
				FA521E772269A7EC00A030D1 /* AppDelegate.swift in Sources */,
			);
			runOnlyForDeploymentPostprocessing = 0;
		};
/* End PBXSourcesBuildPhase section */

/* Begin PBXVariantGroup section */
		FA521E7A2269A7EC00A030D1 /* Main.storyboard */ = {
			isa = PBXVariantGroup;
			children = (
				FA521E7B2269A7EC00A030D1 /* Base */,
			);
			name = Main.storyboard;
			sourceTree = "<group>";
		};
		FA521E7F2269A7EE00A030D1 /* LaunchScreen.storyboard */ = {
			isa = PBXVariantGroup;
			children = (
				FA521E802269A7EE00A030D1 /* Base */,
			);
			name = LaunchScreen.storyboard;
			sourceTree = "<group>";
		};
/* End PBXVariantGroup section */

/* Begin XCBuildConfiguration section */
		FA521E832269A7EE00A030D1 /* Debug */ = {
			isa = XCBuildConfiguration;
			buildSettings = {
				ALWAYS_SEARCH_USER_PATHS = NO;
				CLANG_ANALYZER_NONNULL = YES;
				CLANG_ANALYZER_NUMBER_OBJECT_CONVERSION = YES_AGGRESSIVE;
				CLANG_CXX_LANGUAGE_STANDARD = "gnu++14";
				CLANG_CXX_LIBRARY = "libc++";
				CLANG_ENABLE_MODULES = YES;
				CLANG_ENABLE_OBJC_ARC = YES;
				CLANG_ENABLE_OBJC_WEAK = YES;
				CLANG_WARN_BLOCK_CAPTURE_AUTORELEASING = YES;
				CLANG_WARN_BOOL_CONVERSION = YES;
				CLANG_WARN_COMMA = YES;
				CLANG_WARN_CONSTANT_CONVERSION = YES;
				CLANG_WARN_DEPRECATED_OBJC_IMPLEMENTATIONS = YES;
				CLANG_WARN_DIRECT_OBJC_ISA_USAGE = YES_ERROR;
				CLANG_WARN_DOCUMENTATION_COMMENTS = YES;
				CLANG_WARN_EMPTY_BODY = YES;
				CLANG_WARN_ENUM_CONVERSION = YES;
				CLANG_WARN_INFINITE_RECURSION = YES;
				CLANG_WARN_INT_CONVERSION = YES;
				CLANG_WARN_NON_LITERAL_NULL_CONVERSION = YES;
				CLANG_WARN_OBJC_IMPLICIT_RETAIN_SELF = YES;
				CLANG_WARN_OBJC_LITERAL_CONVERSION = YES;
				CLANG_WARN_OBJC_ROOT_CLASS = YES_ERROR;
				CLANG_WARN_RANGE_LOOP_ANALYSIS = YES;
				CLANG_WARN_STRICT_PROTOTYPES = YES;
				CLANG_WARN_SUSPICIOUS_MOVE = YES;
				CLANG_WARN_UNGUARDED_AVAILABILITY = YES_AGGRESSIVE;
				CLANG_WARN_UNREACHABLE_CODE = YES;
				CLANG_WARN__DUPLICATE_METHOD_MATCH = YES;
				CODE_SIGN_IDENTITY = "iPhone Developer";
				COPY_PHASE_STRIP = NO;
				DEBUG_INFORMATION_FORMAT = dwarf;
				ENABLE_STRICT_OBJC_MSGSEND = YES;
				ENABLE_TESTABILITY = YES;
				GCC_C_LANGUAGE_STANDARD = gnu11;
				GCC_DYNAMIC_NO_PIC = NO;
				GCC_NO_COMMON_BLOCKS = YES;
				GCC_OPTIMIZATION_LEVEL = 0;
				GCC_PREPROCESSOR_DEFINITIONS = (
					"DEBUG=1",
					"$(inherited)",
				);
				GCC_WARN_64_TO_32_BIT_CONVERSION = YES;
				GCC_WARN_ABOUT_RETURN_TYPE = YES_ERROR;
				GCC_WARN_UNDECLARED_SELECTOR = YES;
				GCC_WARN_UNINITIALIZED_AUTOS = YES_AGGRESSIVE;
				GCC_WARN_UNUSED_FUNCTION = YES;
				GCC_WARN_UNUSED_VARIABLE = YES;
				IPHONEOS_DEPLOYMENT_TARGET = 12.1;
				MTL_ENABLE_DEBUG_INFO = INCLUDE_SOURCE;
				MTL_FAST_MATH = YES;
				ONLY_ACTIVE_ARCH = YES;
				SDKROOT = iphoneos;
				SWIFT_ACTIVE_COMPILATION_CONDITIONS = DEBUG;
				SWIFT_OPTIMIZATION_LEVEL = "-Onone";
			};
			name = Debug;
		};
		FA521E842269A7EE00A030D1 /* Release */ = {
			isa = XCBuildConfiguration;
			buildSettings = {
				ALWAYS_SEARCH_USER_PATHS = NO;
				CLANG_ANALYZER_NONNULL = YES;
				CLANG_ANALYZER_NUMBER_OBJECT_CONVERSION = YES_AGGRESSIVE;
				CLANG_CXX_LANGUAGE_STANDARD = "gnu++14";
				CLANG_CXX_LIBRARY = "libc++";
				CLANG_ENABLE_MODULES = YES;
				CLANG_ENABLE_OBJC_ARC = YES;
				CLANG_ENABLE_OBJC_WEAK = YES;
				CLANG_WARN_BLOCK_CAPTURE_AUTORELEASING = YES;
				CLANG_WARN_BOOL_CONVERSION = YES;
				CLANG_WARN_COMMA = YES;
				CLANG_WARN_CONSTANT_CONVERSION = YES;
				CLANG_WARN_DEPRECATED_OBJC_IMPLEMENTATIONS = YES;
				CLANG_WARN_DIRECT_OBJC_ISA_USAGE = YES_ERROR;
				CLANG_WARN_DOCUMENTATION_COMMENTS = YES;
				CLANG_WARN_EMPTY_BODY = YES;
				CLANG_WARN_ENUM_CONVERSION = YES;
				CLANG_WARN_INFINITE_RECURSION = YES;
				CLANG_WARN_INT_CONVERSION = YES;
				CLANG_WARN_NON_LITERAL_NULL_CONVERSION = YES;
				CLANG_WARN_OBJC_IMPLICIT_RETAIN_SELF = YES;
				CLANG_WARN_OBJC_LITERAL_CONVERSION = YES;
				CLANG_WARN_OBJC_ROOT_CLASS = YES_ERROR;
				CLANG_WARN_RANGE_LOOP_ANALYSIS = YES;
				CLANG_WARN_STRICT_PROTOTYPES = YES;
				CLANG_WARN_SUSPICIOUS_MOVE = YES;
				CLANG_WARN_UNGUARDED_AVAILABILITY = YES_AGGRESSIVE;
				CLANG_WARN_UNREACHABLE_CODE = YES;
				CLANG_WARN__DUPLICATE_METHOD_MATCH = YES;
				CODE_SIGN_IDENTITY = "iPhone Developer";
				COPY_PHASE_STRIP = NO;
				DEBUG_INFORMATION_FORMAT = "dwarf-with-dsym";
				ENABLE_NS_ASSERTIONS = NO;
				ENABLE_STRICT_OBJC_MSGSEND = YES;
				GCC_C_LANGUAGE_STANDARD = gnu11;
				GCC_NO_COMMON_BLOCKS = YES;
				GCC_WARN_64_TO_32_BIT_CONVERSION = YES;
				GCC_WARN_ABOUT_RETURN_TYPE = YES_ERROR;
				GCC_WARN_UNDECLARED_SELECTOR = YES;
				GCC_WARN_UNINITIALIZED_AUTOS = YES_AGGRESSIVE;
				GCC_WARN_UNUSED_FUNCTION = YES;
				GCC_WARN_UNUSED_VARIABLE = YES;
				IPHONEOS_DEPLOYMENT_TARGET = 12.1;
				MTL_ENABLE_DEBUG_INFO = NO;
				MTL_FAST_MATH = YES;
				SDKROOT = iphoneos;
				SWIFT_COMPILATION_MODE = wholemodule;
				SWIFT_OPTIMIZATION_LEVEL = "-O";
				VALIDATE_PRODUCT = YES;
			};
			name = Release;
		};
		FA521E862269A7EE00A030D1 /* Debug */ = {
			isa = XCBuildConfiguration;
			buildSettings = {
				ASSETCATALOG_COMPILER_APPICON_NAME = AppIcon;
				CODE_SIGN_STYLE = Automatic;
				DEVELOPMENT_TEAM = ZXD9MWU3ZF;
				INFOPLIST_FILE = "Project 8/Info.plist";
				LD_RUNPATH_SEARCH_PATHS = (
					"$(inherited)",
					"@executable_path/Frameworks",
				);
				PRODUCT_BUNDLE_IDENTIFIER = "mx.fernando.Project-8";
				PRODUCT_NAME = "$(TARGET_NAME)";
				SWIFT_VERSION = 4.2;
				TARGETED_DEVICE_FAMILY = 2;
			};
			name = Debug;
		};
		FA521E872269A7EE00A030D1 /* Release */ = {
			isa = XCBuildConfiguration;
			buildSettings = {
				ASSETCATALOG_COMPILER_APPICON_NAME = AppIcon;
				CODE_SIGN_STYLE = Automatic;
				DEVELOPMENT_TEAM = ZXD9MWU3ZF;
				INFOPLIST_FILE = "Project 8/Info.plist";
				LD_RUNPATH_SEARCH_PATHS = (
					"$(inherited)",
					"@executable_path/Frameworks",
				);
				PRODUCT_BUNDLE_IDENTIFIER = "mx.fernando.Project-8";
				PRODUCT_NAME = "$(TARGET_NAME)";
				SWIFT_VERSION = 4.2;
				TARGETED_DEVICE_FAMILY = 2;
			};
			name = Release;
		};
/* End XCBuildConfiguration section */

/* Begin XCConfigurationList section */
		FA521E6E2269A7EC00A030D1 /* Build configuration list for PBXProject "Project 8" */ = {
			isa = XCConfigurationList;
			buildConfigurations = (
				FA521E832269A7EE00A030D1 /* Debug */,
				FA521E842269A7EE00A030D1 /* Release */,
			);
			defaultConfigurationIsVisible = 0;
			defaultConfigurationName = Release;
		};
		FA521E852269A7EE00A030D1 /* Build configuration list for PBXNativeTarget "Project 8" */ = {
			isa = XCConfigurationList;
			buildConfigurations = (
				FA521E862269A7EE00A030D1 /* Debug */,
				FA521E872269A7EE00A030D1 /* Release */,
			);
			defaultConfigurationIsVisible = 0;
			defaultConfigurationName = Release;
		};
/* End XCConfigurationList section */
	};
	rootObject = FA521E6B2269A7EC00A030D1 /* Project object */;
}
